
Microsoft Visual Studio Solution File, Format Version 12.00
# Visual Studio 15
Project("{FAE04EC0-301F-11D3-BF4B-00C04F79EFBC}") = "Assembly-CSharp", "Assembly-CSharp.csproj", "{91953D57-FC8D-C169-5327-08E38B835D4F}"
EndProject
Project("{FAE04EC0-301F-11D3-BF4B-00C04F79EFBC}") = "Assembly-CSharp-Editor", "Assembly-CSharp-Editor.csproj", "{A9CF20D5-2415-6027-6305-7DA3717CC3F1}"
EndProject
Global
	GlobalSection(SolutionConfigurationPlatforms) = preSolution
		Debug|Any CPU = Debug|Any CPU
		Release|Any CPU = Release|Any CPU
	EndGlobalSection
	GlobalSection(ProjectConfigurationPlatforms) = postSolution
		{91953D57-FC8D-C169-5327-08E38B835D4F}.Debug|Any CPU.ActiveCfg = Debug|Any CPU
		{91953D57-FC8D-C169-5327-08E38B835D4F}.Debug|Any CPU.Build.0 = Debug|Any CPU
		{91953D57-FC8D-C169-5327-08E38B835D4F}.Release|Any CPU.ActiveCfg = Release|Any CPU
		{91953D57-FC8D-C169-5327-08E38B835D4F}.Release|Any CPU.Build.0 = Release|Any CPU
		{A9CF20D5-2415-6027-6305-7DA3717CC3F1}.Debug|Any CPU.ActiveCfg = Debug|Any CPU
		{A9CF20D5-2415-6027-6305-7DA3717CC3F1}.Debug|Any CPU.Build.0 = Debug|Any CPU
		{A9CF20D5-2415-6027-6305-7DA3717CC3F1}.Release|Any CPU.ActiveCfg = Release|Any CPU
		{A9CF20D5-2415-6027-6305-7DA3717CC3F1}.Release|Any CPU.Build.0 = Release|Any CPU
	EndGlobalSection
	GlobalSection(SolutionProperties) = preSolution
		HideSolutionNode = FALSE
	EndGlobalSection
EndGlobal
